
Microsoft Visual Studio Solution File, Format Version 12.00
# Visual Studio Version 16
VisualStudioVersion = 16.0.31729.503
MinimumVisualStudioVersion = 10.0.40219.1
Project("{FAE04EC0-301F-11D3-BF4B-00C04F79EFBC}") = "CodeBook", "CodeBook\CodeBook.csproj", "{40881BDB-4BE7-457E-971D-BFCB238C9369}"
EndProject
Global
	GlobalSection(SolutionConfigurationPlatforms) = preSolution
		Debug|Any CPU = Debug|Any CPU
		Release|Any CPU = Release|Any CPU
	EndGlobalSection
	GlobalSection(ProjectConfigurationPlatforms) = postSolution
		{40881BDB-4BE7-457E-971D-BFCB238C9369}.Debug|Any CPU.ActiveCfg = Debug|Any CPU
		{40881BDB-4BE7-457E-971D-BFCB238C9369}.Debug|Any CPU.Build.0 = Debug|Any CPU
		{40881BDB-4BE7-457E-971D-BFCB238C9369}.Release|Any CPU.ActiveCfg = Release|Any CPU
		{40881BDB-4BE7-457E-971D-BFCB238C9369}.Release|Any CPU.Build.0 = Release|Any CPU
	EndGlobalSection
	GlobalSection(SolutionProperties) = preSolution
		HideSolutionNode = FALSE
	EndGlobalSection
	GlobalSection(ExtensibilityGlobals) = postSolution
		SolutionGuid = {4A685270-6C7F-464E-B3D2-CF29C3A0E7DE}
	EndGlobalSection
EndGlobal
